
Microsoft Visual Studio Solution File, Format Version 12.00
# Visual Studio Version 17
VisualStudioVersion = 17.0.31919.166
MinimumVisualStudioVersion = 10.0.40219.1
Project("{888888A0-9F3D-457C-B088-3A5042F75D52}") = "Selenium", "Selenium\Selenium.pyproj", "{D1F3A917-FC9A-4B68-962A-C25CCFD7D706}"
EndProject
Global
	GlobalSection(SolutionConfigurationPlatforms) = preSolution
		Debug|Any CPU = Debug|Any CPU
		Release|Any CPU = Release|Any CPU
	EndGlobalSection
	GlobalSection(ProjectConfigurationPlatforms) = postSolution
		{D1F3A917-FC9A-4B68-962A-C25CCFD7D706}.Debug|Any CPU.ActiveCfg = Debug|Any CPU
		{D1F3A917-FC9A-4B68-962A-C25CCFD7D706}.Release|Any CPU.ActiveCfg = Release|Any CPU
	EndGlobalSection
	GlobalSection(SolutionProperties) = preSolution
		HideSolutionNode = FALSE
	EndGlobalSection
	GlobalSection(ExtensibilityGlobals) = postSolution
		SolutionGuid = {23B71114-2492-486F-999E-90E780B38399}
	EndGlobalSection
EndGlobal
